
Microsoft Visual Studio Solution File, Format Version 12.00
# Visual Studio Version 16
VisualStudioVersion = 16.0.29123.88
MinimumVisualStudioVersion = 10.0.40219.1
Project("{FAE04EC0-301F-11D3-BF4B-00C04F79EFBC}") = "win.edf", "edf\win.edf.csproj", "{8490B4DF-38D4-4AA0-8CF7-D4AAA3121379}"
EndProject
Project("{FAE04EC0-301F-11D3-BF4B-00C04F79EFBC}") = "win.edf.UnitTests", "win.edf.UnitTests\win.edf.UnitTests.csproj", "{63466797-729F-4014-B2BB-0B6A321F2C4A}"
EndProject
Global
	GlobalSection(SolutionConfigurationPlatforms) = preSolution
		Debug|Any CPU = Debug|Any CPU
		Release|Any CPU = Release|Any CPU
	EndGlobalSection
	GlobalSection(ProjectConfigurationPlatforms) = postSolution
		{8490B4DF-38D4-4AA0-8CF7-D4AAA3121379}.Debug|Any CPU.ActiveCfg = Debug|Any CPU
		{8490B4DF-38D4-4AA0-8CF7-D4AAA3121379}.Debug|Any CPU.Build.0 = Debug|Any CPU
		{8490B4DF-38D4-4AA0-8CF7-D4AAA3121379}.Release|Any CPU.ActiveCfg = Release|Any CPU
		{8490B4DF-38D4-4AA0-8CF7-D4AAA3121379}.Release|Any CPU.Build.0 = Release|Any CPU
		{63466797-729F-4014-B2BB-0B6A321F2C4A}.Debug|Any CPU.ActiveCfg = Debug|Any CPU
		{63466797-729F-4014-B2BB-0B6A321F2C4A}.Debug|Any CPU.Build.0 = Debug|Any CPU
		{63466797-729F-4014-B2BB-0B6A321F2C4A}.Release|Any CPU.ActiveCfg = Release|Any CPU
		{63466797-729F-4014-B2BB-0B6A321F2C4A}.Release|Any CPU.Build.0 = Release|Any CPU
	EndGlobalSection
	GlobalSection(SolutionProperties) = preSolution
		HideSolutionNode = FALSE
	EndGlobalSection
	GlobalSection(ExtensibilityGlobals) = postSolution
		SolutionGuid = {81187FFC-616C-42B1-9C51-2BDA75D7EC84}
	EndGlobalSection
EndGlobal
